{
  "name": "imap-idle-keep-connection",
  "version": "0.0.1",
  "lockfileVersion": 2,
  "requires": true,
  "packages": {
    "": {
      "name": "imap-idle-keep-connection",
      "version": "0.0.1",
      "license": "MIT",
      "dependencies": {
        "node-imap": "github:Garfonso/node-imap"
      }
    },
    "node_modules/node-imap": {
      "version": "0.9.6",
      "resolved": "git+ssh://git@github.com/Garfonso/node-imap.git#11f49f59e2270a06ab2d552f8a784cdb3cc99a0a",
      "license": "MIT",
      "dependencies": {
        "utf7": ">=1.0.2"
      },
      "engines": {
        "node": ">=10.0.0"
      }
    },
    "node_modules/semver": {
      "version": "5.3.0",
      "resolved": "https://registry.npmjs.org/semver/-/semver-5.3.0.tgz",
      "integrity": "sha512-mfmm3/H9+67MCVix1h+IXTpDwL6710LyHuk7+cWC9T1mE0qz4iHhh6r4hU2wrIT9iTsAAC2XQRvfblL028cpLw==",
      "bin": {
        "semver": "bin/semver"
      }
    },
    "node_modules/utf7": {
      "version": "1.0.2",
      "resolved": "https://registry.npmjs.org/utf7/-/utf7-1.0.2.tgz",
      "integrity": "sha512-qQrPtYLLLl12NF4DrM9CvfkxkYI97xOb5dsnGZHE3teFr0tWiEZ9UdgMPczv24vl708cYMpe6mGXGHrotIp3Bw==",
      "dependencies": {
        "semver": "~5.3.0"
      }
    }
  },
  "dependencies": {
    "node-imap": {
      "version": "git+ssh://git@github.com/Garfonso/node-imap.git#11f49f59e2270a06ab2d552f8a784cdb3cc99a0a",
      "from": "node-imap@git://github.com/Garfonso/node-imap",
      "requires": {
        "utf7": ">=1.0.2"
      }
    },
    "semver": {
      "version": "5.3.0",
      "resolved": "https://registry.npmjs.org/semver/-/semver-5.3.0.tgz",
      "integrity": "sha512-mfmm3/H9+67MCVix1h+IXTpDwL6710LyHuk7+cWC9T1mE0qz4iHhh6r4hU2wrIT9iTsAAC2XQRvfblL028cpLw=="
    },
    "utf7": {
      "version": "1.0.2",
      "resolved": "https://registry.npmjs.org/utf7/-/utf7-1.0.2.tgz",
      "integrity": "sha512-qQrPtYLLLl12NF4DrM9CvfkxkYI97xOb5dsnGZHE3teFr0tWiEZ9UdgMPczv24vl708cYMpe6mGXGHrotIp3Bw==",
      "requires": {
        "semver": "~5.3.0"
      }
    }
  }
}
